
Microsoft Visual Studio Solution File, Format Version 12.00
# Visual Studio Version 17
VisualStudioVersion = 17.14.36518.9 d17.14
MinimumVisualStudioVersion = 10.0.40219.1
Project("{FAE04EC0-301F-11D3-BF4B-00C04F79EFBC}") = "BitRuisseau", "BitRuisseau.csproj", "{0F6FD223-F48A-435D-A9F2-FC4185DE508B}"
EndProject
Global
	GlobalSection(SolutionConfigurationPlatforms) = preSolution
		Debug|Any CPU = Debug|Any CPU
		Release|Any CPU = Release|Any CPU
	EndGlobalSection
	GlobalSection(ProjectConfigurationPlatforms) = postSolution
		{0F6FD223-F48A-435D-A9F2-FC4185DE508B}.Debug|Any CPU.ActiveCfg = Debug|Any CPU
		{0F6FD223-F48A-435D-A9F2-FC4185DE508B}.Debug|Any CPU.Build.0 = Debug|Any CPU
		{0F6FD223-F48A-435D-A9F2-FC4185DE508B}.Release|Any CPU.ActiveCfg = Release|Any CPU
		{0F6FD223-F48A-435D-A9F2-FC4185DE508B}.Release|Any CPU.Build.0 = Release|Any CPU
	EndGlobalSection
	GlobalSection(SolutionProperties) = preSolution
		HideSolutionNode = FALSE
	EndGlobalSection
	GlobalSection(ExtensibilityGlobals) = postSolution
		SolutionGuid = {1BAD8FC6-352B-479E-9548-3A6D29BA6DBC}
	EndGlobalSection
EndGlobal
